
Microsoft Visual Studio Solution File, Format Version 12.00
# Visual Studio Version 16
VisualStudioVersion = 25.0.1704.2
MinimumVisualStudioVersion = 10.0.40219.1
Project("{FAE04EC0-301F-11D3-BF4B-00C04F79EFBC}") = "p3", "p3\p3.csproj", "{C96DA910-9E33-462F-B0C5-FC77CF303842}"
EndProject
Global
	GlobalSection(SolutionConfigurationPlatforms) = preSolution
		Debug|Any CPU = Debug|Any CPU
		Release|Any CPU = Release|Any CPU
	EndGlobalSection
	GlobalSection(ProjectConfigurationPlatforms) = postSolution
		{C96DA910-9E33-462F-B0C5-FC77CF303842}.Debug|Any CPU.ActiveCfg = Debug|Any CPU
		{C96DA910-9E33-462F-B0C5-FC77CF303842}.Debug|Any CPU.Build.0 = Debug|Any CPU
		{C96DA910-9E33-462F-B0C5-FC77CF303842}.Release|Any CPU.ActiveCfg = Release|Any CPU
		{C96DA910-9E33-462F-B0C5-FC77CF303842}.Release|Any CPU.Build.0 = Release|Any CPU
	EndGlobalSection
	GlobalSection(SolutionProperties) = preSolution
		HideSolutionNode = FALSE
	EndGlobalSection
	GlobalSection(ExtensibilityGlobals) = postSolution
		SolutionGuid = {5C7DA294-1BE4-4320-9552-C9D1B808F917}
	EndGlobalSection
EndGlobal
